
Microsoft Visual Studio Solution File, Format Version 12.00
# Visual Studio Version 16
VisualStudioVersion = 16.0.31515.178
MinimumVisualStudioVersion = 10.0.40219.1
Project("{FAE04EC0-301F-11D3-BF4B-00C04F79EFBC}") = "AccelerateBall", "AccelerateBall\AccelerateBall.csproj", "{D4148A15-C8B6-471C-82A3-73084D741B68}"
EndProject
Project("{2150E333-8FDC-42A3-9474-1A3956D46DE8}") = "Solution Items", "Solution Items", "{28633A4E-CE0E-412D-BB2C-B4E83C5EEDED}"
	ProjectSection(SolutionItems) = preProject
		README.md = README.md
	EndProjectSection
EndProject
Global
	GlobalSection(SolutionConfigurationPlatforms) = preSolution
		Debug|Any CPU = Debug|Any CPU
		Release|Any CPU = Release|Any CPU
	EndGlobalSection
	GlobalSection(ProjectConfigurationPlatforms) = postSolution
		{D4148A15-C8B6-471C-82A3-73084D741B68}.Debug|Any CPU.ActiveCfg = Debug|Any CPU
		{D4148A15-C8B6-471C-82A3-73084D741B68}.Debug|Any CPU.Build.0 = Debug|Any CPU
		{D4148A15-C8B6-471C-82A3-73084D741B68}.Release|Any CPU.ActiveCfg = Release|Any CPU
		{D4148A15-C8B6-471C-82A3-73084D741B68}.Release|Any CPU.Build.0 = Release|Any CPU
	EndGlobalSection
	GlobalSection(SolutionProperties) = preSolution
		HideSolutionNode = FALSE
	EndGlobalSection
	GlobalSection(ExtensibilityGlobals) = postSolution
		SolutionGuid = {51FCCED8-BAE8-4C13-A25B-8D1AD5AC64D6}
	EndGlobalSection
EndGlobal
